{
  "name": "pinmeto-location-reports",
  "version": "1.2.1",
  "lockfileVersion": 3,
  "requires": true,
  "packages": {
    "": {
      "name": "pinmeto-location-reports",
      "version": "1.2.1",
      "license": "UNLICENSED",
      "engines": {
        "node": ">=18"
      },
      "peerDependencies": {
        "@pinmeto/pinmeto-location-mcp": ">=4.0.0"
      },
      "peerDependenciesMeta": {
        "@pinmeto/pinmeto-location-mcp": {
          "optional": true
        }
      }
    }
  }
}
